# OMEGA runtime lock, Python 3.12 target.
# The base image owns torch/CUDA. Do not run `pip install -U torch` or blindly
# install this file: verify the base image's torch first and install only
# missing non-framework packages under explicit review.
torch==2.11.0
transformers==5.4.0
datasets==4.8.5
psutil==7.2.2
huggingface-hub==1.8.0
tokenizers==0.22.2
safetensors==0.7.0
