{
  "OMEGA_CONFORMANCE_BLOCK": {
    "actual_candidate": {
      "benchmark_config_path_abs": "D:\\Install\\Dev\\Projects\\IA\\Ejercise\\t1_trainability_lab_v0.1.0\\campaign\\omega_v2_1_physical\\results\\omega_v2_1_physical\\attempt_02\\benchmark_config.json",
      "candidates": [
        {
          "B_index": 0,
          "B_memory_static": 0,
          "K": [
            1,
            4,
            8
          ],
          "P_core_unique": 4194304,
          "P_memory_learned": 0,
          "P_retriever": 0,
          "P_shell": 0,
          "alignment_padding_bytes": 0,
          "candidate_id": "V2-512",
          "d": 512,
          "logical_scale_bytes": 262144,
          "logical_weight_bytes": 2097152,
          "m": [
            4,
            8,
            16
          ],
          "m_control": [
            1
          ],
          "physical_allocated_bytes": 2359296,
          "recurrent_block_formula": "4d^2 + 12d^2 = 16d^2",
          "sharing": "A/C shared; B distinct untied equal-valued storage",
          "values_obtained_by_introspection": true
        },
        {
          "B_index": 0,
          "B_memory_static": 0,
          "K": [
            1,
            4,
            8
          ],
          "P_core_unique": 6553600,
          "P_memory_learned": 0,
          "P_retriever": 0,
          "P_shell": 0,
          "alignment_padding_bytes": 0,
          "candidate_id": "V2-640",
          "d": 640,
          "logical_scale_bytes": 409600,
          "logical_weight_bytes": 3276800,
          "m": [
            4,
            8,
            16
          ],
          "m_control": [
            1
          ],
          "physical_allocated_bytes": 3686400,
          "recurrent_block_formula": "4d^2 + 12d^2 = 16d^2",
          "sharing": "A/C shared; B distinct untied equal-valued storage",
          "values_obtained_by_introspection": true
        }
      ],
      "cpu_model": "13th Gen Intel(R) Core(TM) i7-13700F",
      "hardware": {
        "cache_line_bytes": 64,
        "caches": [
          {
            "associativity": 12,
            "group_masks": [
              {
                "group": 0,
                "mask": 3
              }
            ],
            "level": 1,
            "line_bytes": 64,
            "size_bytes": 49152,
            "type": 2
          },
          {
            "associativity": 8,
            "group_masks": [
              {
                "group": 0,
                "mask": 3
              }
            ],
            "level": 1,
            "line_bytes": 64,
            "size_bytes": 32768,
            "type": 1
          },
          {
            "associativity": 16,
            "group_masks": [
              {
                "group": 0,
                "mask": 3
              }
            ],
            "level": 2,
            "line_bytes": 64,
            "size_bytes": 2097152,
            "type": 0
          },
          {
            "associativity": 12,
            "group_masks": [
              {
                "group": 0,
                "mask": 16777215
              }
            ],
            "level": 3,
            "line_bytes": 64,
            "size_bytes": 31457280,
            "type": 0
          },
          {
            "associativity": 12,
            "group_masks": [
              {
                "group": 0,
                "mask": 12
              }
            ],
            "level": 1,
            "line_bytes": 64,
            "size_bytes": 49152,
            "type": 2
          },
          {
            "associativity": 8,
            "group_masks": [
              {
                "group": 0,
                "mask": 12
              }
            ],
            "level": 1,
            "line_bytes": 64,
            "size_bytes": 32768,
            "type": 1
          },
          {
            "associativity": 16,
            "group_masks": [
              {
                "group": 0,
                "mask": 12
              }
            ],
            "level": 2,
            "line_bytes": 64,
            "size_bytes": 2097152,
            "type": 0
          },
          {
            "associativity": 12,
            "group_masks": [
              {
                "group": 0,
                "mask": 48
              }
            ],
            "level": 1,
            "line_bytes": 64,
            "size_bytes": 49152,
            "type": 2
          },
          {
            "associativity": 8,
            "group_masks": [
              {
                "group": 0,
                "mask": 48
              }
            ],
            "level": 1,
            "line_bytes": 64,
            "size_bytes": 32768,
            "type": 1
          },
          {
            "associativity": 16,
            "group_masks": [
              {
                "group": 0,
                "mask": 48
              }
            ],
            "level": 2,
            "line_bytes": 64,
            "size_bytes": 2097152,
            "type": 0
          },
          {
            "associativity": 12,
            "group_masks": [
              {
                "group": 0,
                "mask": 192
              }
            ],
            "level": 1,
            "line_bytes": 64,
            "size_bytes": 49152,
            "type": 2
          },
          {
            "associativity": 8,
            "group_masks": [
              {
                "group": 0,
                "mask": 192
              }
            ],
            "level": 1,
            "line_bytes": 64,
            "size_bytes": 32768,
            "type": 1
          },
          {
            "associativity": 16,
            "group_masks": [
              {
                "group": 0,
                "mask": 192
              }
            ],
            "level": 2,
            "line_bytes": 64,
            "size_bytes": 2097152,
            "type": 0
          },
          {
            "associativity": 12,
            "group_masks": [
              {
                "group": 0,
                "mask": 768
              }
            ],
            "level": 1,
            "line_bytes": 64,
            "size_bytes": 49152,
            "type": 2
          },
          {
            "associativity": 8,
            "group_masks": [
              {
                "group": 0,
                "mask": 768
              }
            ],
            "level": 1,
            "line_bytes": 64,
            "size_bytes": 32768,
            "type": 1
          },
          {
            "associativity": 16,
            "group_masks": [
              {
                "group": 0,
                "mask": 768
              }
            ],
            "level": 2,
            "line_bytes": 64,
            "size_bytes": 2097152,
            "type": 0
          },
          {
            "associativity": 12,
            "group_masks": [
              {
                "group": 0,
                "mask": 3072
              }
            ],
            "level": 1,
            "line_bytes": 64,
            "size_bytes": 49152,
            "type": 2
          },
          {
            "associativity": 8,
            "group_masks": [
              {
                "group": 0,
                "mask": 3072
              }
            ],
            "level": 1,
            "line_bytes": 64,
            "size_bytes": 32768,
            "type": 1
          },
          {
            "associativity": 16,
            "group_masks": [
              {
                "group": 0,
                "mask": 3072
              }
            ],
            "level": 2,
            "line_bytes": 64,
            "size_bytes": 2097152,
            "type": 0
          },
          {
            "associativity": 12,
            "group_masks": [
              {
                "group": 0,
                "mask": 12288
              }
            ],
            "level": 1,
            "line_bytes": 64,
            "size_bytes": 49152,
            "type": 2
          },
          {
            "associativity": 8,
            "group_masks": [
              {
                "group": 0,
                "mask": 12288
              }
            ],
            "level": 1,
            "line_bytes": 64,
            "size_bytes": 32768,
            "type": 1
          },
          {
            "associativity": 16,
            "group_masks": [
              {
                "group": 0,
                "mask": 12288
              }
            ],
            "level": 2,
            "line_bytes": 64,
            "size_bytes": 2097152,
            "type": 0
          },
          {
            "associativity": 12,
            "group_masks": [
              {
                "group": 0,
                "mask": 49152
              }
            ],
            "level": 1,
            "line_bytes": 64,
            "size_bytes": 49152,
            "type": 2
          },
          {
            "associativity": 8,
            "group_masks": [
              {
                "group": 0,
                "mask": 49152
              }
            ],
            "level": 1,
            "line_bytes": 64,
            "size_bytes": 32768,
            "type": 1
          },
          {
            "associativity": 16,
            "group_masks": [
              {
                "group": 0,
                "mask": 49152
              }
            ],
            "level": 2,
            "line_bytes": 64,
            "size_bytes": 2097152,
            "type": 0
          },
          {
            "associativity": 8,
            "group_masks": [
              {
                "group": 0,
                "mask": 65536
              }
            ],
            "level": 1,
            "line_bytes": 64,
            "size_bytes": 32768,
            "type": 2
          },
          {
            "associativity": 8,
            "group_masks": [
              {
                "group": 0,
                "mask": 65536
              }
            ],
            "level": 1,
            "line_bytes": 64,
            "size_bytes": 65536,
            "type": 1
          },
          {
            "associativity": 16,
            "group_masks": [
              {
                "group": 0,
                "mask": 983040
              }
            ],
            "level": 2,
            "line_bytes": 64,
            "size_bytes": 4194304,
            "type": 0
          },
          {
            "associativity": 8,
            "group_masks": [
              {
                "group": 0,
                "mask": 131072
              }
            ],
            "level": 1,
            "line_bytes": 64,
            "size_bytes": 32768,
            "type": 2
          },
          {
            "associativity": 8,
            "group_masks": [
              {
                "group": 0,
                "mask": 131072
              }
            ],
            "level": 1,
            "line_bytes": 64,
            "size_bytes": 65536,
            "type": 1
          },
          {
            "associativity": 8,
            "group_masks": [
              {
                "group": 0,
                "mask": 262144
              }
            ],
            "level": 1,
            "line_bytes": 64,
            "size_bytes": 32768,
            "type": 2
          },
          {
            "associativity": 8,
            "group_masks": [
              {
                "group": 0,
                "mask": 262144
              }
            ],
            "level": 1,
            "line_bytes": 64,
            "size_bytes": 65536,
            "type": 1
          },
          {
            "associativity": 8,
            "group_masks": [
              {
                "group": 0,
                "mask": 524288
              }
            ],
            "level": 1,
            "line_bytes": 64,
            "size_bytes": 32768,
            "type": 2
          },
          {
            "associativity": 8,
            "group_masks": [
              {
                "group": 0,
                "mask": 524288
              }
            ],
            "level": 1,
            "line_bytes": 64,
            "size_bytes": 65536,
            "type": 1
          },
          {
            "associativity": 8,
            "group_masks": [
              {
                "group": 0,
                "mask": 1048576
              }
            ],
            "level": 1,
            "line_bytes": 64,
            "size_bytes": 32768,
            "type": 2
          },
          {
            "associativity": 8,
            "group_masks": [
              {
                "group": 0,
                "mask": 1048576
              }
            ],
            "level": 1,
            "line_bytes": 64,
            "size_bytes": 65536,
            "type": 1
          },
          {
            "associativity": 16,
            "group_masks": [
              {
                "group": 0,
                "mask": 15728640
              }
            ],
            "level": 2,
            "line_bytes": 64,
            "size_bytes": 4194304,
            "type": 0
          },
          {
            "associativity": 8,
            "group_masks": [
              {
                "group": 0,
                "mask": 2097152
              }
            ],
            "level": 1,
            "line_bytes": 64,
            "size_bytes": 32768,
            "type": 2
          },
          {
            "associativity": 8,
            "group_masks": [
              {
                "group": 0,
                "mask": 2097152
              }
            ],
            "level": 1,
            "line_bytes": 64,
            "size_bytes": 65536,
            "type": 1
          },
          {
            "associativity": 8,
            "group_masks": [
              {
                "group": 0,
                "mask": 4194304
              }
            ],
            "level": 1,
            "line_bytes": 64,
            "size_bytes": 32768,
            "type": 2
          },
          {
            "associativity": 8,
            "group_masks": [
              {
                "group": 0,
                "mask": 4194304
              }
            ],
            "level": 1,
            "line_bytes": 64,
            "size_bytes": 65536,
            "type": 1
          },
          {
            "associativity": 8,
            "group_masks": [
              {
                "group": 0,
                "mask": 8388608
              }
            ],
            "level": 1,
            "line_bytes": 64,
            "size_bytes": 32768,
            "type": 2
          },
          {
            "associativity": 8,
            "group_masks": [
              {
                "group": 0,
                "mask": 8388608
              }
            ],
            "level": 1,
            "line_bytes": 64,
            "size_bytes": 65536,
            "type": 1
          }
        ],
        "coordinator_cpu_set_id": 272,
        "coordinator_group": 0,
        "coordinator_logical_index": 16,
        "cores": [
          {
            "classified_p_core": true,
            "core_index": 0,
            "cpu_sets": [
              {
                "core_index": 0,
                "efficiency_class": 1,
                "group": 0,
                "id": 256,
                "logical_index": 0,
                "shard_weight_vi": 0
              },
              {
                "core_index": 0,
                "efficiency_class": 1,
                "group": 0,
                "id": 257,
                "logical_index": 1,
                "shard_weight_vi": 0
              }
            ],
            "efficiency_class": 1,
            "group": 0,
            "intel_cpuid_core_type": 64,
            "v_i": 500419000.0
          },
          {
            "classified_p_core": true,
            "core_index": 2,
            "cpu_sets": [
              {
                "core_index": 2,
                "efficiency_class": 1,
                "group": 0,
                "id": 258,
                "logical_index": 2,
                "shard_weight_vi": 0
              },
              {
                "core_index": 2,
                "efficiency_class": 1,
                "group": 0,
                "id": 259,
                "logical_index": 3,
                "shard_weight_vi": 0
              }
            ],
            "efficiency_class": 1,
            "group": 0,
            "intel_cpuid_core_type": 64,
            "v_i": 500940000.0
          },
          {
            "classified_p_core": true,
            "core_index": 4,
            "cpu_sets": [
              {
                "core_index": 4,
                "efficiency_class": 1,
                "group": 0,
                "id": 260,
                "logical_index": 4,
                "shard_weight_vi": 0
              },
              {
                "core_index": 4,
                "efficiency_class": 1,
                "group": 0,
                "id": 261,
                "logical_index": 5,
                "shard_weight_vi": 0
              }
            ],
            "efficiency_class": 1,
            "group": 0,
            "intel_cpuid_core_type": 64,
            "v_i": 500323000.0
          },
          {
            "classified_p_core": true,
            "core_index": 6,
            "cpu_sets": [
              {
                "core_index": 6,
                "efficiency_class": 1,
                "group": 0,
                "id": 262,
                "logical_index": 6,
                "shard_weight_vi": 0
              },
              {
                "core_index": 6,
                "efficiency_class": 1,
                "group": 0,
                "id": 263,
                "logical_index": 7,
                "shard_weight_vi": 0
              }
            ],
            "efficiency_class": 1,
            "group": 0,
            "intel_cpuid_core_type": 64,
            "v_i": 499383000.0
          },
          {
            "classified_p_core": true,
            "core_index": 8,
            "cpu_sets": [
              {
                "core_index": 8,
                "efficiency_class": 1,
                "group": 0,
                "id": 264,
                "logical_index": 8,
                "shard_weight_vi": 0
              },
              {
                "core_index": 8,
                "efficiency_class": 1,
                "group": 0,
                "id": 265,
                "logical_index": 9,
                "shard_weight_vi": 0
              }
            ],
            "efficiency_class": 1,
            "group": 0,
            "intel_cpuid_core_type": 64,
            "v_i": 510536000.0
          },
          {
            "classified_p_core": true,
            "core_index": 10,
            "cpu_sets": [
              {
                "core_index": 10,
                "efficiency_class": 1,
                "group": 0,
                "id": 266,
                "logical_index": 10,
                "shard_weight_vi": 0
              },
              {
                "core_index": 10,
                "efficiency_class": 1,
                "group": 0,
                "id": 267,
                "logical_index": 11,
                "shard_weight_vi": 0
              }
            ],
            "efficiency_class": 1,
            "group": 0,
            "intel_cpuid_core_type": 64,
            "v_i": 511665000.0
          },
          {
            "classified_p_core": true,
            "core_index": 12,
            "cpu_sets": [
              {
                "core_index": 12,
                "efficiency_class": 1,
                "group": 0,
                "id": 268,
                "logical_index": 12,
                "shard_weight_vi": 0
              },
              {
                "core_index": 12,
                "efficiency_class": 1,
                "group": 0,
                "id": 269,
                "logical_index": 13,
                "shard_weight_vi": 0
              }
            ],
            "efficiency_class": 1,
            "group": 0,
            "intel_cpuid_core_type": 64,
            "v_i": 500081000.0
          },
          {
            "classified_p_core": true,
            "core_index": 14,
            "cpu_sets": [
              {
                "core_index": 14,
                "efficiency_class": 1,
                "group": 0,
                "id": 270,
                "logical_index": 14,
                "shard_weight_vi": 0
              },
              {
                "core_index": 14,
                "efficiency_class": 1,
                "group": 0,
                "id": 271,
                "logical_index": 15,
                "shard_weight_vi": 0
              }
            ],
            "efficiency_class": 1,
            "group": 0,
            "intel_cpuid_core_type": 64,
            "v_i": 500578000.0
          },
          {
            "classified_p_core": false,
            "core_index": 16,
            "cpu_sets": [
              {
                "core_index": 16,
                "efficiency_class": 0,
                "group": 0,
                "id": 272,
                "logical_index": 16,
                "shard_weight_vi": 0
              }
            ],
            "efficiency_class": 0,
            "group": 0,
            "intel_cpuid_core_type": 32,
            "v_i": 0
          },
          {
            "classified_p_core": false,
            "core_index": 17,
            "cpu_sets": [
              {
                "core_index": 17,
                "efficiency_class": 0,
                "group": 0,
                "id": 273,
                "logical_index": 17,
                "shard_weight_vi": 0
              }
            ],
            "efficiency_class": 0,
            "group": 0,
            "intel_cpuid_core_type": 32,
            "v_i": 0
          },
          {
            "classified_p_core": false,
            "core_index": 18,
            "cpu_sets": [
              {
                "core_index": 18,
                "efficiency_class": 0,
                "group": 0,
                "id": 274,
                "logical_index": 18,
                "shard_weight_vi": 0
              }
            ],
            "efficiency_class": 0,
            "group": 0,
            "intel_cpuid_core_type": 32,
            "v_i": 0
          },
          {
            "classified_p_core": false,
            "core_index": 19,
            "cpu_sets": [
              {
                "core_index": 19,
                "efficiency_class": 0,
                "group": 0,
                "id": 275,
                "logical_index": 19,
                "shard_weight_vi": 0
              }
            ],
            "efficiency_class": 0,
            "group": 0,
            "intel_cpuid_core_type": 32,
            "v_i": 0
          },
          {
            "classified_p_core": false,
            "core_index": 20,
            "cpu_sets": [
              {
                "core_index": 20,
                "efficiency_class": 0,
                "group": 0,
                "id": 276,
                "logical_index": 20,
                "shard_weight_vi": 0
              }
            ],
            "efficiency_class": 0,
            "group": 0,
            "intel_cpuid_core_type": 32,
            "v_i": 0
          },
          {
            "classified_p_core": false,
            "core_index": 21,
            "cpu_sets": [
              {
                "core_index": 21,
                "efficiency_class": 0,
                "group": 0,
                "id": 277,
                "logical_index": 21,
                "shard_weight_vi": 0
              }
            ],
            "efficiency_class": 0,
            "group": 0,
            "intel_cpuid_core_type": 32,
            "v_i": 0
          },
          {
            "classified_p_core": false,
            "core_index": 22,
            "cpu_sets": [
              {
                "core_index": 22,
                "efficiency_class": 0,
                "group": 0,
                "id": 278,
                "logical_index": 22,
                "shard_weight_vi": 0
              }
            ],
            "efficiency_class": 0,
            "group": 0,
            "intel_cpuid_core_type": 32,
            "v_i": 0
          },
          {
            "classified_p_core": false,
            "core_index": 23,
            "cpu_sets": [
              {
                "core_index": 23,
                "efficiency_class": 0,
                "group": 0,
                "id": 279,
                "logical_index": 23,
                "shard_weight_vi": 0
              }
            ],
            "efficiency_class": 0,
            "group": 0,
            "intel_cpuid_core_type": 32,
            "v_i": 0
          }
        ],
        "cpu_model": "13th Gen Intel(R) Core(TM) i7-13700F",
        "e_core_count": 8,
        "family": 6,
        "isa": {
          "avx2": true,
          "avx512f_os_enabled": false,
          "avx_vnni": true,
          "clflush_supported": true,
          "fma": true
        },
        "l1d_bytes_total": 655360,
        "l1i_bytes_total": 786432,
        "l2_bytes_total": 25165824,
        "llc_bytes": 31457280,
        "logical_processor_count": 24,
        "model": 183,
        "p_core_count": 8,
        "physical_core_count": 16,
        "processor_group_count": 1,
        "qpc": {
          "frequency": 10000000,
          "monotonic": true
        },
        "qpc_overhead_ns": 9.27734,
        "ram_bytes": 34163593216,
        "ram_channels": "NOT_DETECTED",
        "ram_effective_speed": "NOT_DETECTED",
        "stepping": 1,
        "windows_build": 26100,
        "windows_version": "10.0"
      },
      "q4_physical_ledger_path_abs": "D:\\Install\\Dev\\Projects\\IA\\Ejercise\\t1_trainability_lab_v0.1.0\\campaign\\omega_v2_1_physical\\results\\omega_v2_1_physical\\attempt_02\\q4_physical_ledger.json",
      "selected_workers": [
        {
          "efficiency_class": 1,
          "group": 0,
          "h0_v_i": 511664633.51857996,
          "intel_cpuid_core_type": 64,
          "logical_processor_id": 10,
          "physical_core_id": 10,
          "shard_weight": 511664633.51857996,
          "smt_sibling_worker_selected": false,
          "windows_cpu_set_id": 266,
          "worker_id": 0
        },
        {
          "efficiency_class": 1,
          "group": 0,
          "h0_v_i": 510535857.6587815,
          "intel_cpuid_core_type": 64,
          "logical_processor_id": 8,
          "physical_core_id": 8,
          "shard_weight": 510535857.6587815,
          "smt_sibling_worker_selected": false,
          "windows_cpu_set_id": 264,
          "worker_id": 1
        },
        {
          "efficiency_class": 1,
          "group": 0,
          "h0_v_i": 500940450.12757146,
          "intel_cpuid_core_type": 64,
          "logical_processor_id": 2,
          "physical_core_id": 2,
          "shard_weight": 500940450.12757146,
          "smt_sibling_worker_selected": false,
          "windows_cpu_set_id": 258,
          "worker_id": 2
        },
        {
          "efficiency_class": 1,
          "group": 0,
          "h0_v_i": 500577604.74870884,
          "intel_cpuid_core_type": 64,
          "logical_processor_id": 14,
          "physical_core_id": 14,
          "shard_weight": 500577604.74870884,
          "smt_sibling_worker_selected": false,
          "windows_cpu_set_id": 270,
          "worker_id": 3
        }
      ],
      "terminal_status": "RESIDENCY_GATE_FAIL",
      "values_obtained_by_introspection_and_native_measurement": true,
      "windows_native": true,
      "worker_shard_manifest_path_abs": "D:\\Install\\Dev\\Projects\\IA\\Ejercise\\t1_trainability_lab_v0.1.0\\campaign\\omega_v2_1_physical\\results\\omega_v2_1_physical\\attempt_02\\worker_shard_manifest.json"
    },
    "authority": {
      "contract_line_ranges": [
        "2390-2485",
        "2585-2630",
        "2688-2945",
        "3078-3145"
      ],
      "conversacion_md_blob": "7027e2ac9d1ba89db08dda73c81e244f3b9b19db",
      "repository": "Hackerprod/Ejercise",
      "v2_0_implementation_commit": "bc9c1745f70e08f15fd340097d04fff6f56cba43",
      "v2_0_validated_head": "5df1cf270837a9cc4f56a3dd31f277af868f61ce",
      "v2_1_implementation_commit": "18f98a1d83f8dfe021e7bbe9943d44e95dc79859"
    },
    "authorized_deviation_ids": [],
    "claim_scope": {
      "allowed": [
        "physical_residency_gate",
        "matrixization_gate",
        "causal_eviction_control",
        "physical_Q4_footprint",
        "V2_2_release_decision"
      ],
      "forbidden": [
        "language_quality",
        "sharing_quality_after_training",
        "test_time_K_quality_scaling",
        "external_memory_claim",
        "T3_release"
      ]
    },
    "contract_target": {
      "K": [
        1,
        4,
        8
      ],
      "d": [
        512,
        640
      ],
      "m_control": [
        1
      ],
      "m_target": [
        4,
        8,
        16
      ],
      "quantization": {
        "format": "signed_symmetric_Q4",
        "group_size": 32,
        "scale_dtype": "FP16",
        "zero_point": false
      },
      "recurrent_block_formula": "4d^2 + 12d^2 = 16d^2",
      "variants": {
        "A": "shared_same_storage_resident",
        "B": "distinct_storage_untied_equal_values",
        "C": "shared_same_storage_evicted_each_round"
      }
    },
    "deviations": [],
    "global_status": "CONFORMANCE_HOLD",
    "phase": "T0_PHYSICAL",
    "science_scope": {
      "T3": "HOLD",
      "allowed": "physical residency/matrixization/causal eviction at T0 only",
      "language_quality": "FORBIDDEN"
    },
    "status": "CONFORMANT",
    "v2_0_seal": {
      "all_sealed_result_hashes_validated": true,
      "artifact_sha256": {
        "OMEGA_CONFORMANCE_BLOCK.yaml": "ba5f80c95e26785b226ad499169a07b9aac31096779405901d71f638943820ce",
        "OMEGA_V2_0_REPORT.md": "59d487a82debacd86b1b7e9164bdb47682a9c62f0fd71ea211f316cae61cc074",
        "omega_v2_bitwise_report.json": "d873bae7367e56a27da92ba669afa0292852500b850666cac640cde442e23320",
        "omega_v2_flop_ledger.json": "10cfa2b0b3b00cd9d4287c7b4448d1a992f85c71b03875311cf4f72ca88027a5",
        "omega_v2_ledger.json": "57fe23df56281542c20635ac15c4d2cf499c793f5b10fd1fbc7423e0a099c287",
        "omega_v2_toy_report.json": "11f8552960cca89af5cd8ab26f2e6170942d1f2ca09681836b432fb2e826534a"
      },
      "execution_commit": "bc9c1745f70e08f15fd340097d04fff6f56cba43",
      "path_abs": "D:\\Install\\Dev\\Projects\\IA\\Ejercise\\t1_trainability_lab_v0.1.0\\campaign\\omega_v2_0_conformance\\V2_0_RESULT_SEAL.json",
      "sha256": "95facae0865750783faca8f9c271dcd557b7d1338f9fce512b0974cfa4606623",
      "terminal_status": "OMEGA_V2_0_CONFORMANT_PASS"
    }
  }
}
